PODS:
  - CocoaLumberjack (3.8.5):
    - CocoaLumberjack/Core (= 3.8.5)
  - CocoaLumberjack/Core (3.8.5)
  - CwlCatchException (2.2.0):
    - CwlCatchExceptionSupport (~> 2.2.0)
  - CwlCatchExceptionSupport (2.2.0)
  - CwlMachBadInstructionHandler (2.2.0)
  - CwlPosixPreconditionTesting (2.2.0)
  - CwlPreconditionTesting (2.2.1):
    - CwlCatchException (~> 2.2.0)
    - CwlMachBadInstructionHandler (~> 2.2.0)
    - CwlPosixPreconditionTesting (~> 2.2.0)
  - DifferenceKit (1.3.0):
    - DifferenceKit/Core (= 1.3.0)
    - DifferenceKit/UIKitExtension (= 1.3.0)
  - DifferenceKit/Core (1.3.0)
  - DifferenceKit/UIKitExtension (1.3.0):
    - DifferenceKit/Core
  - GRDB.swift/SQLCipher (6.24.1):
    - SQLCipher (>= 3.4.2)
  - libwebp (1.3.2):
    - libwebp/demux (= 1.3.2)
    - libwebp/mux (= 1.3.2)
    - libwebp/sharpyuv (= 1.3.2)
    - libwebp/webp (= 1.3.2)
  - libwebp/demux (1.3.2):
    - libwebp/webp
  - libwebp/mux (1.3.2):
    - libwebp/demux
  - libwebp/sharpyuv (1.3.2)
  - libwebp/webp (1.3.2):
    - libwebp/sharpyuv
  - Nimble (13.3.0):
    - CwlPreconditionTesting (~> 2.2.0)
  - NVActivityIndicatorView (5.2.0):
    - NVActivityIndicatorView/Base (= 5.2.0)
  - NVActivityIndicatorView/Base (5.2.0)
  - OpenSSL-Universal (3.1.5004)
  - Quick (7.5.0)
  - Reachability (3.7.6)
  - SAMKeychain (1.5.3)
  - SignalCoreKit (1.0.0):
    - CocoaLumberjack
    - OpenSSL-Universal
  - SQLCipher (4.5.7):
    - SQLCipher/standard (= 4.5.7)
  - SQLCipher/common (4.5.7)
  - SQLCipher/standard (4.5.7):
    - SQLCipher/common
  - SwiftProtobuf (1.5.0)
  - WebRTC-lib (116.0.0)
  - YYImage/Core (1.0.4)
  - YYImage/libwebp (1.0.4):
    - libwebp
    - YYImage/Core

DEPENDENCIES:
  - DifferenceKit
  - GRDB.swift/SQLCipher
  - Nimble
  - NVActivityIndicatorView
  - Quick
  - Reachability
  - SAMKeychain
  - SignalCoreKit (from `https://github.com/oxen-io/session-ios-core-kit`, commit `3acbfe5`)
  - SQLCipher (~> 4.5.3)
  - SwiftProtobuf (~> 1.5.0)
  - WebRTC-lib (= 116.0.0)
  - YYImage/libwebp (from `https://github.com/signalapp/YYImage`)

SPEC REPOS:
  trunk:
    - CocoaLumberjack
    - CwlCatchException
    - CwlCatchExceptionSupport
    - CwlMachBadInstructionHandler
    - CwlPosixPreconditionTesting
    - CwlPreconditionTesting
    - DifferenceKit
    - GRDB.swift
    - libwebp
    - Nimble
    - NVActivityIndicatorView
    - OpenSSL-Universal
    - Quick
    - Reachability
    - SAMKeychain
    - SQLCipher
    - SwiftProtobuf
    - WebRTC-lib

EXTERNAL SOURCES:
  SignalCoreKit:
    :commit: 3acbfe5
    :git: https://github.com/oxen-io/session-ios-core-kit
  YYImage:
    :git: https://github.com/signalapp/YYImage

CHECKOUT OPTIONS:
  SignalCoreKit:
    :commit: 3acbfe5
    :git: https://github.com/oxen-io/session-ios-core-kit
  YYImage:
    :commit: 62a4cede20bcf31da73d18163408e46a92f171c6
    :git: https://github.com/signalapp/YYImage

SPEC CHECKSUMS:
  CocoaLumberjack: 6a459bc897d6d80bd1b8c78482ec7ad05dffc3f0
  CwlCatchException: 51bf8319009a31104ea6f0568730d1ecc25b6454
  CwlCatchExceptionSupport: 1345d6adb01a505933f2bc972dab60dcb9ce3e50
  CwlMachBadInstructionHandler: ea1030428925d9bf340882522af30712fb4bf356
  CwlPosixPreconditionTesting: a125dee731883f2582715f548c6b6c92c7fde145
  CwlPreconditionTesting: ccfd08aca58d14e04062b2a3dd2fd52e09857453
  DifferenceKit: ab185c4d7f9cef8af3fcf593e5b387fb81e999ca
  GRDB.swift: 136dcb5d8dddca50aae3ba7d77475f79e7232cd8
  libwebp: 1786c9f4ff8a279e4dac1e8f385004d5fc253009
  Nimble: 3ac6c6b0b7e9835d1540b6507d8054b12a415536
  NVActivityIndicatorView: fe52a6a68664c2df8991d7d9e3d86d8d19453c53
  OpenSSL-Universal: 0db2e81615ad95efc90ce13a638986858da38c0d
  Quick: 2b651168441479b949ba987f3cee41a9cc53aa32
  Reachability: fd0ecd23705e2599e4cceeb943222ae02296cbc6
  SAMKeychain: 483e1c9f32984d50ca961e26818a534283b4cd5c
  SignalCoreKit: 1fbd8732163ef76de16cd1107d1fa3684b607e5d
  SQLCipher: 5e6bfb47323635c8b657b1b27d25c5f1baf63bf5
  SwiftProtobuf: 241400280f912735c1e1b9fe675fdd2c6c4d42e2
  WebRTC-lib: a7f14febc57a4bb334505ea33eb4f797ef9e3ac9
  YYImage: f1ddd15ac032a58b78bbed1e012b50302d318331

PODFILE CHECKSUM: 05cf9cc64f43765bbe411901b641f1c66304993d

COCOAPODS: 1.15.2
