PODS:
  - CocoaLumberjack (3.8.0):
    - CocoaLumberjack/Core (= 3.8.0)
  - CocoaLumberjack/Core (3.8.0)
  - Curve25519Kit (2.1.0):
    - CocoaLumberjack
    - SignalCoreKit
  - DifferenceKit (1.3.0):
    - DifferenceKit/Core (= 1.3.0)
    - DifferenceKit/UIKitExtension (= 1.3.0)
  - DifferenceKit/Core (1.3.0)
  - DifferenceKit/UIKitExtension (1.3.0):
    - DifferenceKit/Core
  - GRDB.swift/SQLCipher (6.24.1):
    - SQLCipher (>= 3.4.2)
  - libwebp (1.3.2):
    - libwebp/demux (= 1.3.2)
    - libwebp/mux (= 1.3.2)
    - libwebp/sharpyuv (= 1.3.2)
    - libwebp/webp (= 1.3.2)
  - libwebp/demux (1.3.2):
    - libwebp/webp
  - libwebp/mux (1.3.2):
    - libwebp/demux
  - libwebp/sharpyuv (1.3.2)
  - libwebp/webp (1.3.2):
    - libwebp/sharpyuv
  - Nimble (12.3.0)
  - NVActivityIndicatorView (5.1.1):
    - NVActivityIndicatorView/Base (= 5.1.1)
  - NVActivityIndicatorView/Base (5.1.1)
  - OpenSSL-Universal (1.1.2200)
  - PureLayout (3.1.9)
  - Quick (7.3.0)
  - SAMKeychain (1.5.3)
  - SignalCoreKit (1.0.0):
    - CocoaLumberjack
    - OpenSSL-Universal
  - Sodium (0.9.1)
  - SQLCipher (4.5.7):
    - SQLCipher/standard (= 4.5.7)
  - SQLCipher/common (4.5.7)
  - SQLCipher/standard (4.5.7):
    - SQLCipher/common
  - SwiftProtobuf (1.5.0)
  - WebRTC-lib (114.0.0)
  - YYImage/Core (1.0.4)
  - YYImage/libwebp (1.0.4):
    - libwebp
    - YYImage/Core

DEPENDENCIES:
  - Curve25519Kit (from `https://github.com/oxen-io/session-ios-curve-25519-kit.git`, branch `session-version`)
  - DifferenceKit
  - GRDB.swift/SQLCipher
  - Nimble
  - NVActivityIndicatorView
  - PureLayout (~> 3.1.8)
  - Quick
  - SAMKeychain
  - SignalCoreKit (from `https://github.com/oxen-io/session-ios-core-kit`, commit `3acbfe5`)
  - Sodium (from `https://github.com/oxen-io/session-ios-swift-sodium.git`, commit `310c343`)
  - SQLCipher (~> 4.5.7)
  - SwiftProtobuf (~> 1.5.0)
  - WebRTC-lib
  - YYImage/libwebp (from `https://github.com/signalapp/YYImage`)

SPEC REPOS:
  trunk:
    - CocoaLumberjack
    - DifferenceKit
    - GRDB.swift
    - libwebp
    - Nimble
    - NVActivityIndicatorView
    - OpenSSL-Universal
    - PureLayout
    - Quick
    - SAMKeychain
    - SQLCipher
    - SwiftProtobuf
    - WebRTC-lib

EXTERNAL SOURCES:
  Curve25519Kit:
    :branch: session-version
    :git: https://github.com/oxen-io/session-ios-curve-25519-kit.git
  SignalCoreKit:
    :commit: 3acbfe5
    :git: https://github.com/oxen-io/session-ios-core-kit
  Sodium:
    :commit: 310c343
    :git: https://github.com/oxen-io/session-ios-swift-sodium.git
  YYImage:
    :git: https://github.com/signalapp/YYImage

CHECKOUT OPTIONS:
  Curve25519Kit:
    :commit: ee1bc83e61d9d672105eed85a4b8fbaec3d376f5
    :git: https://github.com/oxen-io/session-ios-curve-25519-kit.git
  SignalCoreKit:
    :commit: 3acbfe5
    :git: https://github.com/oxen-io/session-ios-core-kit
  Sodium:
    :commit: 310c343
    :git: https://github.com/oxen-io/session-ios-swift-sodium.git
  YYImage:
    :commit: 62a4cede20bcf31da73d18163408e46a92f171c6
    :git: https://github.com/signalapp/YYImage

SPEC CHECKSUMS:
  CocoaLumberjack: 78abfb691154e2a9df8ded4350d504ee19d90732
  Curve25519Kit: e63f9859ede02438ae3defc5e1a87e09d1ec7ee6
  DifferenceKit: ab185c4d7f9cef8af3fcf593e5b387fb81e999ca
  GRDB.swift: 136dcb5d8dddca50aae3ba7d77475f79e7232cd8
  libwebp: 1786c9f4ff8a279e4dac1e8f385004d5fc253009
  Nimble: f8a8219d16f176429b951e8f7e72df5c23ceddc0
  NVActivityIndicatorView: 1f6c5687f1171810aa27a3296814dc2d7dec3667
  OpenSSL-Universal: 6e1ae0555546e604dbc632a2b9a24a9c46c41ef6
  PureLayout: 5fb5e5429519627d60d079ccb1eaa7265ce7cf88
  Quick: d32871931c05547cb4e0bc9009d66a18b50d8558
  SAMKeychain: 483e1c9f32984d50ca961e26818a534283b4cd5c
  SignalCoreKit: 1fbd8732163ef76de16cd1107d1fa3684b607e5d
  Sodium: a7d42cb46e789d2630fa552d35870b416ed055ae
  SQLCipher: 5e6bfb47323635c8b657b1b27d25c5f1baf63bf5
  SwiftProtobuf: 241400280f912735c1e1b9fe675fdd2c6c4d42e2
  WebRTC-lib: d83df8976fa608b980f1d85796b3de66d60a1953
  YYImage: f1ddd15ac032a58b78bbed1e012b50302d318331

PODFILE CHECKSUM: 6d85dee189f35e1e9a49cf8e95799a7087cfbdd5

COCOAPODS: 1.15.2
