{
  "originHash" : "3976430cfdaea7445596ad6123334158bdc83e4997da535d15a15afc3c7aa091",
  "pins" : [
    {
      "identity" : "cocoalumberjack",
      "kind" : "remoteSourceControl",
      "location" : "https://github.com/CocoaLumberjack/CocoaLumberjack.git",
      "state" : {
        "revision" : "4b8714a7fb84d42393314ce897127b3939885ec3",
        "version" : "3.8.5"
      }
    },
    {
      "identity" : "cwlcatchexception",
      "kind" : "remoteSourceControl",
      "location" : "https://github.com/mattgallagher/CwlCatchException.git",
      "state" : {
        "revision" : "3ef6999c73b6938cc0da422f2c912d0158abb0a0",
        "version" : "2.2.0"
      }
    },
    {
      "identity" : "cwlpreconditiontesting",
      "kind" : "remoteSourceControl",
      "location" : "https://github.com/mattgallagher/CwlPreconditionTesting.git",
      "state" : {
        "revision" : "2ef56b2caf25f55fa7eef8784c30d5a767550f54",
        "version" : "2.2.1"
      }
    },
    {
      "identity" : "differencekit",
      "kind" : "remoteSourceControl",
      "location" : "https://github.com/ra1028/DifferenceKit.git",
      "state" : {
        "revision" : "073b9671ce2b9b5b96398611427a1f929927e428",
        "version" : "1.3.0"
      }
    },
    {
      "identity" : "keychain-swift",
      "kind" : "remoteSourceControl",
      "location" : "https://github.com/evgenyneu/keychain-swift.git",
      "state" : {
        "revision" : "5e1b02b6a9dac2a759a1d5dbc175c86bd192a608",
        "version" : "24.0.0"
      }
    },
    {
      "identity" : "libsession-util-spm",
      "kind" : "remoteSourceControl",
      "location" : "https://github.com/session-foundation/libsession-util-spm",
      "state" : {
        "revision" : "ba7d5f08e4eb71a2efe744df2ad677d8c180c6bb",
        "version" : "1.5.1"
      }
    },
    {
      "identity" : "nimble",
      "kind" : "remoteSourceControl",
      "location" : "https://github.com/Quick/Nimble.git",
      "state" : {
        "revision" : "1c49fc1243018f81a7ea99cb5e0985b00096e9f4",
        "version" : "13.3.0"
      }
    },
    {
      "identity" : "nvactivityindicatorview",
      "kind" : "remoteSourceControl",
      "location" : "https://github.com/ninjaprox/NVActivityIndicatorView.git",
      "state" : {
        "revision" : "121455c4e630fcb95aaefd7e4257b0c2e3cfe6d5",
        "version" : "5.2.0"
      }
    },
    {
      "identity" : "punycodeswift",
      "kind" : "remoteSourceControl",
      "location" : "https://github.com/gumob/PunycodeSwift.git",
      "state" : {
        "revision" : "30a462bdb4398ea835a3585472229e0d74b36ba5",
        "version" : "3.0.0"
      }
    },
    {
      "identity" : "quick",
      "kind" : "remoteSourceControl",
      "location" : "https://github.com/Quick/Quick.git",
      "state" : {
        "revision" : "26529ff2209c40ae50fd642b031f930d9d68ea02",
        "version" : "7.5.0"
      }
    },
    {
      "identity" : "session-grdb-swift",
      "kind" : "remoteSourceControl",
      "location" : "https://github.com/session-foundation/session-grdb-swift.git",
      "state" : {
        "revision" : "46f9ca466950a0e7b0839c2951c03bd687b23d3f",
        "version" : "107.4.1"
      }
    },
    {
      "identity" : "session-lucide",
      "kind" : "remoteSourceControl",
      "location" : "https://github.com/session-foundation/session-lucide.git",
      "state" : {
        "revision" : "7da7fc6a2c42ee8549b0b9804455b43c61a0e63f",
        "version" : "0.473.1"
      }
    },
    {
      "identity" : "swift-log",
      "kind" : "remoteSourceControl",
      "location" : "https://github.com/apple/swift-log",
      "state" : {
        "revision" : "9cb486020ebf03bfa5b5df985387a14a98744537",
        "version" : "1.6.1"
      }
    },
    {
      "identity" : "swift-protobuf",
      "kind" : "remoteSourceControl",
      "location" : "https://github.com/apple/swift-protobuf.git",
      "state" : {
        "revision" : "7bf52ab1f5ee87aeb89f2a6b9bfc6369408476f7",
        "version" : "1.5.0"
      }
    },
    {
      "identity" : "webrtc",
      "kind" : "remoteSourceControl",
      "location" : "https://github.com/stasel/WebRTC.git",
      "state" : {
        "revision" : "c487cd3e567ca0b58c59496475f1ca6f0572aec6",
        "version" : "116.0.0"
      }
    }
  ],
  "version" : 3
}
